<?xml version="1.0" encoding="utf-8"?>
<Project ToolsVersion="4.0" xmlns="http://schemas.microsoft.com/developer/msbuild/2003">
  <ItemGroup>
    <Filter Include="Source Files">
      <UniqueIdentifier>{4FC737F1-C7A5-4376-A066-2A32D752A2FF}</UniqueIdentifier>
      <Extensions>cpp;cxx;c;def</Extensions>
    </Filter>
    <Filter Include="Header Files">
      <UniqueIdentifier>{93995380-89BD-4b04-88EB-625FBE52EBFB}</UniqueIdentifier>
      <Extensions>h</Extensions>
    </Filter>
    <Filter Include="Form Files">
      <UniqueIdentifier>{99349809-55BA-4b9d-BF79-8FDBB0286EB3}</UniqueIdentifier>
      <Extensions>ui</Extensions>
    </Filter>
    <Filter Include="Resource Files">
      <UniqueIdentifier>{D9D6E242-F8AF-46E4-B9FD-80ECBC20BA3E}</UniqueIdentifier>
      <Extensions>qrc;*</Extensions>
      <ParseFiles>false</ParseFiles>
    </Filter>
    <Filter Include="Generated Files">
      <UniqueIdentifier>{71ED8ED8-ACB9-4CE9-BBE1-E00B30144E11}</UniqueIdentifier>
      <Extensions>moc;h;cpp</Extensions>
      <SourceControlFiles>False</SourceControlFiles>
    </Filter>
    <Filter Include="Generated Files\Debug">
      <UniqueIdentifier>{9e552c11-3198-4c49-86be-8b086f0b78d8}</UniqueIdentifier>
      <Extensions>cpp;moc</Extensions>
      <SourceControlFiles>False</SourceControlFiles>
    </Filter>
    <Filter Include="Generated Files\Release">
      <UniqueIdentifier>{e7b5327a-134d-4ab3-9b49-b76f65fd5244}</UniqueIdentifier>
      <Extensions>cpp;moc</Extensions>
      <SourceControlFiles>False</SourceControlFiles>
    </Filter>
  </ItemGroup>
  <ItemGroup>
    <ClCompile Include="main.cpp">
      <Filter>Source Files</Filter>
    </ClCompile>
    <ClCompile Include="automationwizard.cpp">
      <Filter>Source Files</Filter>
    </ClCompile>
    <ClCompile Include="automationelementswidget.cpp">
      <Filter>Source Files</Filter>
    </ClCompile>
    <ClCompile Include="objectsList.cpp">
      <Filter>Source Files</Filter>
    </ClCompile>
    <ClCompile Include="GeneratedFiles\Debug\moc_automationelementswidget.cpp">
      <Filter>Source Files</Filter>
    </ClCompile>
    <ClCompile Include="GeneratedFiles\Debug\moc_automationwizard.cpp">
      <Filter>Source Files</Filter>
    </ClCompile>
    <ClCompile Include="GeneratedFiles\Debug\moc_objectsList.cpp">
      <Filter>Source Files</Filter>
    </ClCompile>
    <ClCompile Include="testlistwidgetwithimage.cpp">
      <Filter>Source Files</Filter>
    </ClCompile>
    <ClCompile Include="GeneratedFiles\Debug\moc_testlistwidgetwithimage.cpp">
      <Filter>Generated Files\Debug</Filter>
    </ClCompile>
    <ClCompile Include="GeneratedFiles\Release\moc_testlistwidgetwithimage.cpp">
      <Filter>Generated Files\Release</Filter>
    </ClCompile>
    <ClCompile Include="TypesList.cpp">
      <Filter>Source Files</Filter>
    </ClCompile>
    <ClCompile Include="GeneratedFiles\Debug\moc_TypesList.cpp">
      <Filter>Generated Files\Debug</Filter>
    </ClCompile>
    <ClCompile Include="GeneratedFiles\Release\moc_TypesList.cpp">
      <Filter>Generated Files\Release</Filter>
    </ClCompile>
    <ClCompile Include="AutomGraphicsScene.cpp">
      <Filter>Source Files</Filter>
    </ClCompile>
    <ClCompile Include="AutomGraphicsView.cpp">
      <Filter>Source Files</Filter>
    </ClCompile>
    <ClCompile Include="GeneratedFiles\Debug\moc_AutomGraphicsView.cpp">
      <Filter>Generated Files\Debug</Filter>
    </ClCompile>
    <ClCompile Include="GeneratedFiles\Release\moc_AutomGraphicsView.cpp">
      <Filter>Generated Files\Release</Filter>
    </ClCompile>
    <ClCompile Include="Singleton.cpp">
      <Filter>Source Files</Filter>
    </ClCompile>
    <ClCompile Include="ScenarioWriter.cpp">
      <Filter>Source Files</Filter>
    </ClCompile>
    <ClCompile Include="ScenarioReader.cpp">
      <Filter>Source Files</Filter>
    </ClCompile>
  </ItemGroup>
  <ItemGroup>
    <CustomBuild Include="automationwizard.h">
      <Filter>Header Files</Filter>
    </CustomBuild>
    <CustomBuild Include="automationwizard.ui">
      <Filter>Form Files</Filter>
    </CustomBuild>
    <CustomBuild Include="automationelementswidget.h">
      <Filter>Header Files</Filter>
    </CustomBuild>
    <CustomBuild Include="automationelementswidget.ui">
      <Filter>Form Files</Filter>
    </CustomBuild>
    <CustomBuild Include="objectsList.h">
      <Filter>Header Files</Filter>
    </CustomBuild>
    <CustomBuild Include="TestImageList.ui">
      <Filter>Source Files</Filter>
    </CustomBuild>
    <CustomBuild Include="testlistwidgetwithimage.h">
      <Filter>Header Files</Filter>
    </CustomBuild>
    <CustomBuild Include="testlistwidgetwithimage.ui">
      <Filter>Form Files</Filter>
    </CustomBuild>
    <CustomBuild Include="TypesList.h">
      <Filter>Header Files</Filter>
    </CustomBuild>
    <CustomBuild Include="Resources\automationwizard.qrc">
      <Filter>Resource Files</Filter>
    </CustomBuild>
    <CustomBuild Include="AutomGraphicsView.h">
      <Filter>Header Files</Filter>
    </CustomBuild>
  </ItemGroup>
  <ItemGroup>
    <ClInclude Include="GeneratedFiles\ui_automationwizard.h">
      <Filter>Generated Files</Filter>
    </ClInclude>
    <ClInclude Include="GeneratedFiles\ui_automationelementswidget.h">
      <Filter>Generated Files</Filter>
    </ClInclude>
    <ClInclude Include="GeneratedFiles\ui_TestImageList.h">
      <Filter>Generated Files</Filter>
    </ClInclude>
    <ClInclude Include="GeneratedFiles\ui_testlistwidgetwithimage.h">
      <Filter>Generated Files</Filter>
    </ClInclude>
    <ClInclude Include="AutomGraphicsScene.h">
      <Filter>Header Files</Filter>
    </ClInclude>
    <ClInclude Include="Singleton.h">
      <Filter>Header Files</Filter>
    </ClInclude>
    <ClInclude Include="ScenarioWriter.h">
      <Filter>Header Files</Filter>
    </ClInclude>
    <ClInclude Include="ComAction.h">
      <Filter>Header Files</Filter>
    </ClInclude>
    <ClInclude Include="SceneAction.h">
      <Filter>Header Files</Filter>
    </ClInclude>
    <ClInclude Include="SceneItem.h">
      <Filter>Header Files</Filter>
    </ClInclude>
    <ClInclude Include="ScenarioReader.h">
      <Filter>Header Files</Filter>
    </ClInclude>
  </ItemGroup>
  <ItemGroup>
    <None Include="Resources\PT.ico" />
    <None Include="Resources\FT.ico" />
    <None Include="boiler.ico">
      <Filter>Resource Files</Filter>
    </None>
    <None Include="Resources\device64.ico" />
    <None Include="Resources\gen64.ico" />
    <None Include="Resources\boiler32.ico" />
    <None Include="playScene.ico" />
  </ItemGroup>
</Project>